{
  "name": "themes",
  "lockfileVersion": 3,
  "requires": true,
  "packages": {
    "": {
      "dependencies": {
        "@zutsunagaru/theme": "file:../../theme"
      }
    },
    "../../theme": {
      "version": "0.1.0"
    },
    "node_modules/@zutsunagaru/theme": {
      "resolved": "../../theme",
      "link": true
    }
  }
}
